// !$*UTF8*$!
{
	archiveVersion = 1;
	classes = {
	};
	objectVersion = 50;
	objects = {

/* Begin PBXBuildFile section */
		75592286238D6EA600ABBEC5 /* AppDelegate.m in Sources */ = {isa = PBXBuildFile; fileRef = 75592285238D6EA600ABBEC5 /* AppDelegate.m */; };
		75592289238D6EA600ABBEC5 /* SceneDelegate.m in Sources */ = {isa = PBXBuildFile; fileRef = 75592288238D6EA600ABBEC5 /* SceneDelegate.m */; };
		7559228C238D6EA600ABBEC5 /* PeripheralViewController.m in Sources */ = {isa = PBXBuildFile; fileRef = 7559228B238D6EA600ABBEC5 /* PeripheralViewController.m */; };
		7559228F238D6EA600ABBEC5 /* Main.storyboard in Resources */ = {isa = PBXBuildFile; fileRef = 7559228D238D6EA600ABBEC5 /* Main.storyboard */; };
		75592291238D6EA700ABBEC5 /* Assets.xcassets in Resources */ = {isa = PBXBuildFile; fileRef = 75592290238D6EA700ABBEC5 /* Assets.xcassets */; };
		75592294238D6EA700ABBEC5 /* LaunchScreen.storyboard in Resources */ = {isa = PBXBuildFile; fileRef = 75592292238D6EA700ABBEC5 /* LaunchScreen.storyboard */; };
		75592297238D6EA700ABBEC5 /* main.m in Sources */ = {isa = PBXBuildFile; fileRef = 75592296238D6EA700ABBEC5 /* main.m */; };
		755922A4238D753E00ABBEC5 /* YKButton.m in Sources */ = {isa = PBXBuildFile; fileRef = 755922A3238D753E00ABBEC5 /* YKButton.m */; };
		755922AB238D774300ABBEC5 /* YKLabel.m in Sources */ = {isa = PBXBuildFile; fileRef = 755922AA238D774300ABBEC5 /* YKLabel.m */; };
		755922AE238D782800ABBEC5 /* UIColor+YKExt.m in Sources */ = {isa = PBXBuildFile; fileRef = 755922AD238D782800ABBEC5 /* UIColor+YKExt.m */; };
		755922B2238D7AE200ABBEC5 /* YKNextRunloopRunner.m in Sources */ = {isa = PBXBuildFile; fileRef = 755922B0238D7AE200ABBEC5 /* YKNextRunloopRunner.m */; settings = {COMPILER_FLAGS = "-fno-objc-arc"; }; };
		755922B5238D7E5500ABBEC5 /* UIImageView+YKExt.m in Sources */ = {isa = PBXBuildFile; fileRef = 755922B4238D7E5500ABBEC5 /* UIImageView+YKExt.m */; };
		755922B8238D807500ABBEC5 /* UIView+YKLayout.m in Sources */ = {isa = PBXBuildFile; fileRef = 755922B7238D807500ABBEC5 /* UIView+YKLayout.m */; };
		755922BB238D830F00ABBEC5 /* CoreBluetooth.framework in Frameworks */ = {isa = PBXBuildFile; fileRef = 755922BA238D830F00ABBEC5 /* CoreBluetooth.framework */; };
		755922BE238E700D00ABBEC5 /* CentralViewController.m in Sources */ = {isa = PBXBuildFile; fileRef = 755922BD238E700D00ABBEC5 /* CentralViewController.m */; };
/* End PBXBuildFile section */

/* Begin PBXFileReference section */
		75592281238D6EA600ABBEC5 /* ble-ios.app */ = {isa = PBXFileReference; explicitFileType = wrapper.application; includeInIndex = 0; path = "ble-ios.app"; sourceTree = BUILT_PRODUCTS_DIR; };
		75592284238D6EA600ABBEC5 /* AppDelegate.h */ = {isa = PBXFileReference; lastKnownFileType = sourcecode.c.h; path = AppDelegate.h; sourceTree = "<group>"; };
		75592285238D6EA600ABBEC5 /* AppDelegate.m */ = {isa = PBXFileReference; lastKnownFileType = sourcecode.c.objc; path = AppDelegate.m; sourceTree = "<group>"; };
		75592287238D6EA600ABBEC5 /* SceneDelegate.h */ = {isa = PBXFileReference; lastKnownFileType = sourcecode.c.h; path = SceneDelegate.h; sourceTree = "<group>"; };
		75592288238D6EA600ABBEC5 /* SceneDelegate.m */ = {isa = PBXFileReference; lastKnownFileType = sourcecode.c.objc; path = SceneDelegate.m; sourceTree = "<group>"; };
		7559228A238D6EA600ABBEC5 /* PeripheralViewController.h */ = {isa = PBXFileReference; lastKnownFileType = sourcecode.c.h; path = PeripheralViewController.h; sourceTree = "<group>"; };
		7559228B238D6EA600ABBEC5 /* PeripheralViewController.m */ = {isa = PBXFileReference; lastKnownFileType = sourcecode.c.objc; path = PeripheralViewController.m; sourceTree = "<group>"; };
		7559228E238D6EA600ABBEC5 /* Base */ = {isa = PBXFileReference; lastKnownFileType = file.storyboard; name = Base; path = Base.lproj/Main.storyboard; sourceTree = "<group>"; };
		75592290238D6EA700ABBEC5 /* Assets.xcassets */ = {isa = PBXFileReference; lastKnownFileType = folder.assetcatalog; path = Assets.xcassets; sourceTree = "<group>"; };
		75592293238D6EA700ABBEC5 /* Base */ = {isa = PBXFileReference; lastKnownFileType = file.storyboard; name = Base; path = Base.lproj/LaunchScreen.storyboard; sourceTree = "<group>"; };
		75592295238D6EA700ABBEC5 /* Info.plist */ = {isa = PBXFileReference; lastKnownFileType = text.plist.xml; path = Info.plist; sourceTree = "<group>"; };
		75592296238D6EA700ABBEC5 /* main.m */ = {isa = PBXFileReference; lastKnownFileType = sourcecode.c.objc; path = main.m; sourceTree = "<group>"; };
		755922A2238D753E00ABBEC5 /* YKButton.h */ = {isa = PBXFileReference; lastKnownFileType = sourcecode.c.h; path = YKButton.h; sourceTree = "<group>"; };
		755922A3238D753E00ABBEC5 /* YKButton.m */ = {isa = PBXFileReference; lastKnownFileType = sourcecode.c.objc; path = YKButton.m; sourceTree = "<group>"; };
		755922A9238D774300ABBEC5 /* YKLabel.h */ = {isa = PBXFileReference; lastKnownFileType = sourcecode.c.h; path = YKLabel.h; sourceTree = "<group>"; };
		755922AA238D774300ABBEC5 /* YKLabel.m */ = {isa = PBXFileReference; lastKnownFileType = sourcecode.c.objc; path = YKLabel.m; sourceTree = "<group>"; };
		755922AC238D782800ABBEC5 /* UIColor+YKExt.h */ = {isa = PBXFileReference; lastKnownFileType = sourcecode.c.h; path = "UIColor+YKExt.h"; sourceTree = "<group>"; };
		755922AD238D782800ABBEC5 /* UIColor+YKExt.m */ = {isa = PBXFileReference; lastKnownFileType = sourcecode.c.objc; path = "UIColor+YKExt.m"; sourceTree = "<group>"; };
		755922AF238D79EC00ABBEC5 /* YKPrefixHeader.pch */ = {isa = PBXFileReference; lastKnownFileType = sourcecode.c.h; path = YKPrefixHeader.pch; sourceTree = "<group>"; };
		755922B0238D7AE200ABBEC5 /* YKNextRunloopRunner.m */ = {isa = PBXFileReference; fileEncoding = 4; lastKnownFileType = sourcecode.c.objc; path = YKNextRunloopRunner.m; sourceTree = "<group>"; };
		755922B1238D7AE200ABBEC5 /* YKNextRunloopRunner.h */ = {isa = PBXFileReference; fileEncoding = 4; lastKnownFileType = sourcecode.c.h; path = YKNextRunloopRunner.h; sourceTree = "<group>"; };
		755922B3238D7E5500ABBEC5 /* UIImageView+YKExt.h */ = {isa = PBXFileReference; lastKnownFileType = sourcecode.c.h; path = "UIImageView+YKExt.h"; sourceTree = "<group>"; };
		755922B4238D7E5500ABBEC5 /* UIImageView+YKExt.m */ = {isa = PBXFileReference; lastKnownFileType = sourcecode.c.objc; path = "UIImageView+YKExt.m"; sourceTree = "<group>"; };
		755922B6238D807500ABBEC5 /* UIView+YKLayout.h */ = {isa = PBXFileReference; fileEncoding = 4; lastKnownFileType = sourcecode.c.h; path = "UIView+YKLayout.h"; sourceTree = "<group>"; };
		755922B7238D807500ABBEC5 /* UIView+YKLayout.m */ = {isa = PBXFileReference; fileEncoding = 4; lastKnownFileType = sourcecode.c.objc; path = "UIView+YKLayout.m"; sourceTree = "<group>"; };
		755922BA238D830F00ABBEC5 /* CoreBluetooth.framework */ = {isa = PBXFileReference; lastKnownFileType = wrapper.framework; name = CoreBluetooth.framework; path = System/Library/Frameworks/CoreBluetooth.framework; sourceTree = SDKROOT; };
		755922BC238E700D00ABBEC5 /* CentralViewController.h */ = {isa = PBXFileReference; lastKnownFileType = sourcecode.c.h; path = CentralViewController.h; sourceTree = "<group>"; };
		755922BD238E700D00ABBEC5 /* CentralViewController.m */ = {isa = PBXFileReference; lastKnownFileType = sourcecode.c.objc; path = CentralViewController.m; sourceTree = "<group>"; };
/* End PBXFileReference section */

/* Begin PBXFrameworksBuildPhase section */
		7559227E238D6EA600ABBEC5 /* Frameworks */ = {
			isa = PBXFrameworksBuildPhase;
			buildActionMask = 2147483647;
			files = (
				755922BB238D830F00ABBEC5 /* CoreBluetooth.framework in Frameworks */,
			);
			runOnlyForDeploymentPostprocessing = 0;
		};
/* End PBXFrameworksBuildPhase section */

/* Begin PBXGroup section */
		75592278238D6EA600ABBEC5 = {
			isa = PBXGroup;
			children = (
				75592283238D6EA600ABBEC5 /* ble-ios */,
				75592282238D6EA600ABBEC5 /* Products */,
				755922B9238D830E00ABBEC5 /* Frameworks */,
			);
			sourceTree = "<group>";
		};
		75592282238D6EA600ABBEC5 /* Products */ = {
			isa = PBXGroup;
			children = (
				75592281238D6EA600ABBEC5 /* ble-ios.app */,
			);
			name = Products;
			sourceTree = "<group>";
		};
		75592283238D6EA600ABBEC5 /* ble-ios */ = {
			isa = PBXGroup;
			children = (
				755922A8238D75A600ABBEC5 /* base */,
				755922A5238D756500ABBEC5 /* feature */,
				75592284238D6EA600ABBEC5 /* AppDelegate.h */,
				75592285238D6EA600ABBEC5 /* AppDelegate.m */,
				75592287238D6EA600ABBEC5 /* SceneDelegate.h */,
				75592288238D6EA600ABBEC5 /* SceneDelegate.m */,
				7559228D238D6EA600ABBEC5 /* Main.storyboard */,
				75592290238D6EA700ABBEC5 /* Assets.xcassets */,
				75592292238D6EA700ABBEC5 /* LaunchScreen.storyboard */,
				75592295238D6EA700ABBEC5 /* Info.plist */,
				75592296238D6EA700ABBEC5 /* main.m */,
				755922AF238D79EC00ABBEC5 /* YKPrefixHeader.pch */,
			);
			path = "ble-ios";
			sourceTree = "<group>";
		};
		755922A5238D756500ABBEC5 /* feature */ = {
			isa = PBXGroup;
			children = (
				7559228A238D6EA600ABBEC5 /* PeripheralViewController.h */,
				7559228B238D6EA600ABBEC5 /* PeripheralViewController.m */,
				755922BC238E700D00ABBEC5 /* CentralViewController.h */,
				755922BD238E700D00ABBEC5 /* CentralViewController.m */,
			);
			path = feature;
			sourceTree = "<group>";
		};
		755922A8238D75A600ABBEC5 /* base */ = {
			isa = PBXGroup;
			children = (
				755922B1238D7AE200ABBEC5 /* YKNextRunloopRunner.h */,
				755922B0238D7AE200ABBEC5 /* YKNextRunloopRunner.m */,
				755922B6238D807500ABBEC5 /* UIView+YKLayout.h */,
				755922B7238D807500ABBEC5 /* UIView+YKLayout.m */,
				755922A2238D753E00ABBEC5 /* YKButton.h */,
				755922A3238D753E00ABBEC5 /* YKButton.m */,
				755922A9238D774300ABBEC5 /* YKLabel.h */,
				755922AA238D774300ABBEC5 /* YKLabel.m */,
				755922AC238D782800ABBEC5 /* UIColor+YKExt.h */,
				755922AD238D782800ABBEC5 /* UIColor+YKExt.m */,
				755922B3238D7E5500ABBEC5 /* UIImageView+YKExt.h */,
				755922B4238D7E5500ABBEC5 /* UIImageView+YKExt.m */,
			);
			path = base;
			sourceTree = "<group>";
		};
		755922B9238D830E00ABBEC5 /* Frameworks */ = {
			isa = PBXGroup;
			children = (
				755922BA238D830F00ABBEC5 /* CoreBluetooth.framework */,
			);
			name = Frameworks;
			sourceTree = "<group>";
		};
/* End PBXGroup section */

/* Begin PBXNativeTarget section */
		75592280238D6EA600ABBEC5 /* ble-ios */ = {
			isa = PBXNativeTarget;
			buildConfigurationList = 7559229A238D6EA700ABBEC5 /* Build configuration list for PBXNativeTarget "ble-ios" */;
			buildPhases = (
				7559227D238D6EA600ABBEC5 /* Sources */,
				7559227E238D6EA600ABBEC5 /* Frameworks */,
				7559227F238D6EA600ABBEC5 /* Resources */,
			);
			buildRules = (
			);
			dependencies = (
			);
			name = "ble-ios";
			productName = "ble-ios";
			productReference = 75592281238D6EA600ABBEC5 /* ble-ios.app */;
			productType = "com.apple.product-type.application";
		};
/* End PBXNativeTarget section */

/* Begin PBXProject section */
		75592279238D6EA600ABBEC5 /* Project object */ = {
			isa = PBXProject;
			attributes = {
				LastUpgradeCheck = 1100;
				ORGANIZATIONNAME = yunke;
				TargetAttributes = {
					75592280238D6EA600ABBEC5 = {
						CreatedOnToolsVersion = 11.0;
					};
				};
			};
			buildConfigurationList = 7559227C238D6EA600ABBEC5 /* Build configuration list for PBXProject "ble-ios" */;
			compatibilityVersion = "Xcode 9.3";
			developmentRegion = en;
			hasScannedForEncodings = 0;
			knownRegions = (
				en,
				Base,
			);
			mainGroup = 75592278238D6EA600ABBEC5;
			productRefGroup = 75592282238D6EA600ABBEC5 /* Products */;
			projectDirPath = "";
			projectRoot = "";
			targets = (
				75592280238D6EA600ABBEC5 /* ble-ios */,
			);
		};
/* End PBXProject section */

/* Begin PBXResourcesBuildPhase section */
		7559227F238D6EA600ABBEC5 /* Resources */ = {
			isa = PBXResourcesBuildPhase;
			buildActionMask = 2147483647;
			files = (
				75592294238D6EA700ABBEC5 /* LaunchScreen.storyboard in Resources */,
				75592291238D6EA700ABBEC5 /* Assets.xcassets in Resources */,
				7559228F238D6EA600ABBEC5 /* Main.storyboard in Resources */,
			);
			runOnlyForDeploymentPostprocessing = 0;
		};
/* End PBXResourcesBuildPhase section */

/* Begin PBXSourcesBuildPhase section */
		7559227D238D6EA600ABBEC5 /* Sources */ = {
			isa = PBXSourcesBuildPhase;
			buildActionMask = 2147483647;
			files = (
				7559228C238D6EA600ABBEC5 /* PeripheralViewController.m in Sources */,
				75592286238D6EA600ABBEC5 /* AppDelegate.m in Sources */,
				755922B5238D7E5500ABBEC5 /* UIImageView+YKExt.m in Sources */,
				755922AB238D774300ABBEC5 /* YKLabel.m in Sources */,
				75592297238D6EA700ABBEC5 /* main.m in Sources */,
				755922B2238D7AE200ABBEC5 /* YKNextRunloopRunner.m in Sources */,
				75592289238D6EA600ABBEC5 /* SceneDelegate.m in Sources */,
				755922AE238D782800ABBEC5 /* UIColor+YKExt.m in Sources */,
				755922BE238E700D00ABBEC5 /* CentralViewController.m in Sources */,
				755922B8238D807500ABBEC5 /* UIView+YKLayout.m in Sources */,
				755922A4238D753E00ABBEC5 /* YKButton.m in Sources */,
			);
			runOnlyForDeploymentPostprocessing = 0;
		};
/* End PBXSourcesBuildPhase section */

/* Begin PBXVariantGroup section */
		7559228D238D6EA600ABBEC5 /* Main.storyboard */ = {
			isa = PBXVariantGroup;
			children = (
				7559228E238D6EA600ABBEC5 /* Base */,
			);
			name = Main.storyboard;
			sourceTree = "<group>";
		};
		75592292238D6EA700ABBEC5 /* LaunchScreen.storyboard */ = {
			isa = PBXVariantGroup;
			children = (
				75592293238D6EA700ABBEC5 /* Base */,
			);
			name = LaunchScreen.storyboard;
			sourceTree = "<group>";
		};
/* End PBXVariantGroup section */

/* Begin XCBuildConfiguration section */
		75592298238D6EA700ABBEC5 /* Debug */ = {
			isa = XCBuildConfiguration;
			buildSettings = {
				ALWAYS_SEARCH_USER_PATHS = NO;
				CLANG_ANALYZER_NONNULL = YES;
				CLANG_ANALYZER_NUMBER_OBJECT_CONVERSION = YES_AGGRESSIVE;
				CLANG_CXX_LANGUAGE_STANDARD = "gnu++14";
				CLANG_CXX_LIBRARY = "libc++";
				CLANG_ENABLE_MODULES = YES;
				CLANG_ENABLE_OBJC_ARC = YES;
				CLANG_ENABLE_OBJC_WEAK = YES;
				CLANG_WARN_BLOCK_CAPTURE_AUTORELEASING = YES;
				CLANG_WARN_BOOL_CONVERSION = YES;
				CLANG_WARN_COMMA = YES;
				CLANG_WARN_CONSTANT_CONVERSION = YES;
				CLANG_WARN_DEPRECATED_OBJC_IMPLEMENTATIONS = YES;
				CLANG_WARN_DIRECT_OBJC_ISA_USAGE = YES_ERROR;
				CLANG_WARN_DOCUMENTATION_COMMENTS = YES;
				CLANG_WARN_EMPTY_BODY = YES;
				CLANG_WARN_ENUM_CONVERSION = YES;
				CLANG_WARN_INFINITE_RECURSION = YES;
				CLANG_WARN_INT_CONVERSION = YES;
				CLANG_WARN_NON_LITERAL_NULL_CONVERSION = YES;
				CLANG_WARN_OBJC_IMPLICIT_RETAIN_SELF = YES;
				CLANG_WARN_OBJC_LITERAL_CONVERSION = YES;
				CLANG_WARN_OBJC_ROOT_CLASS = YES_ERROR;
				CLANG_WARN_RANGE_LOOP_ANALYSIS = YES;
				CLANG_WARN_STRICT_PROTOTYPES = YES;
				CLANG_WARN_SUSPICIOUS_MOVE = YES;
				CLANG_WARN_UNGUARDED_AVAILABILITY = YES_AGGRESSIVE;
				CLANG_WARN_UNREACHABLE_CODE = YES;
				CLANG_WARN__DUPLICATE_METHOD_MATCH = YES;
				COPY_PHASE_STRIP = NO;
				DEBUG_INFORMATION_FORMAT = dwarf;
				ENABLE_STRICT_OBJC_MSGSEND = YES;
				ENABLE_TESTABILITY = YES;
				GCC_C_LANGUAGE_STANDARD = gnu11;
				GCC_DYNAMIC_NO_PIC = NO;
				GCC_NO_COMMON_BLOCKS = YES;
				GCC_OPTIMIZATION_LEVEL = 0;
				GCC_PREPROCESSOR_DEFINITIONS = (
					"DEBUG=1",
					"$(inherited)",
				);
				GCC_WARN_64_TO_32_BIT_CONVERSION = YES;
				GCC_WARN_ABOUT_RETURN_TYPE = YES_ERROR;
				GCC_WARN_UNDECLARED_SELECTOR = YES;
				GCC_WARN_UNINITIALIZED_AUTOS = YES_AGGRESSIVE;
				GCC_WARN_UNUSED_FUNCTION = YES;
				GCC_WARN_UNUSED_VARIABLE = YES;
				IPHONEOS_DEPLOYMENT_TARGET = 13.0;
				MTL_ENABLE_DEBUG_INFO = INCLUDE_SOURCE;
				MTL_FAST_MATH = YES;
				ONLY_ACTIVE_ARCH = YES;
				SDKROOT = iphoneos;
			};
			name = Debug;
		};
		75592299238D6EA700ABBEC5 /* Release */ = {
			isa = XCBuildConfiguration;
			buildSettings = {
				ALWAYS_SEARCH_USER_PATHS = NO;
				CLANG_ANALYZER_NONNULL = YES;
				CLANG_ANALYZER_NUMBER_OBJECT_CONVERSION = YES_AGGRESSIVE;
				CLANG_CXX_LANGUAGE_STANDARD = "gnu++14";
				CLANG_CXX_LIBRARY = "libc++";
				CLANG_ENABLE_MODULES = YES;
				CLANG_ENABLE_OBJC_ARC = YES;
				CLANG_ENABLE_OBJC_WEAK = YES;
				CLANG_WARN_BLOCK_CAPTURE_AUTORELEASING = YES;
				CLANG_WARN_BOOL_CONVERSION = YES;
				CLANG_WARN_COMMA = YES;
				CLANG_WARN_CONSTANT_CONVERSION = YES;
				CLANG_WARN_DEPRECATED_OBJC_IMPLEMENTATIONS = YES;
				CLANG_WARN_DIRECT_OBJC_ISA_USAGE = YES_ERROR;
				CLANG_WARN_DOCUMENTATION_COMMENTS = YES;
				CLANG_WARN_EMPTY_BODY = YES;
				CLANG_WARN_ENUM_CONVERSION = YES;
				CLANG_WARN_INFINITE_RECURSION = YES;
				CLANG_WARN_INT_CONVERSION = YES;
				CLANG_WARN_NON_LITERAL_NULL_CONVERSION = YES;
				CLANG_WARN_OBJC_IMPLICIT_RETAIN_SELF = YES;
				CLANG_WARN_OBJC_LITERAL_CONVERSION = YES;
				CLANG_WARN_OBJC_ROOT_CLASS = YES_ERROR;
				CLANG_WARN_RANGE_LOOP_ANALYSIS = YES;
				CLANG_WARN_STRICT_PROTOTYPES = YES;
				CLANG_WARN_SUSPICIOUS_MOVE = YES;
				CLANG_WARN_UNGUARDED_AVAILABILITY = YES_AGGRESSIVE;
				CLANG_WARN_UNREACHABLE_CODE = YES;
				CLANG_WARN__DUPLICATE_METHOD_MATCH = YES;
				COPY_PHASE_STRIP = NO;
				DEBUG_INFORMATION_FORMAT = "dwarf-with-dsym";
				ENABLE_NS_ASSERTIONS = NO;
				ENABLE_STRICT_OBJC_MSGSEND = YES;
				GCC_C_LANGUAGE_STANDARD = gnu11;
				GCC_NO_COMMON_BLOCKS = YES;
				GCC_WARN_64_TO_32_BIT_CONVERSION = YES;
				GCC_WARN_ABOUT_RETURN_TYPE = YES_ERROR;
				GCC_WARN_UNDECLARED_SELECTOR = YES;
				GCC_WARN_UNINITIALIZED_AUTOS = YES_AGGRESSIVE;
				GCC_WARN_UNUSED_FUNCTION = YES;
				GCC_WARN_UNUSED_VARIABLE = YES;
				IPHONEOS_DEPLOYMENT_TARGET = 13.0;
				MTL_ENABLE_DEBUG_INFO = NO;
				MTL_FAST_MATH = YES;
				SDKROOT = iphoneos;
				VALIDATE_PRODUCT = YES;
			};
			name = Release;
		};
		7559229B238D6EA700ABBEC5 /* Debug */ = {
			isa = XCBuildConfiguration;
			buildSettings = {
				ASSETCATALOG_COMPILER_APPICON_NAME = AppIcon;
				CODE_SIGN_STYLE = Automatic;
				DEVELOPMENT_TEAM = L29J96K8C8;
				GCC_PREFIX_HEADER = "$(SRCROOT)/ble-ios/YKPrefixHeader.pch";
				INFOPLIST_FILE = "ble-ios/Info.plist";
				IPHONEOS_DEPLOYMENT_TARGET = 10.0;
				LD_RUNPATH_SEARCH_PATHS = (
					"$(inherited)",
					"@executable_path/Frameworks",
				);
				PRODUCT_BUNDLE_IDENTIFIER = "com.xioozq.bluetooth.ios.ble-ios";
				PRODUCT_NAME = "$(TARGET_NAME)";
				TARGETED_DEVICE_FAMILY = 1;
			};
			name = Debug;
		};
		7559229C238D6EA700ABBEC5 /* Release */ = {
			isa = XCBuildConfiguration;
			buildSettings = {
				ASSETCATALOG_COMPILER_APPICON_NAME = AppIcon;
				CODE_SIGN_STYLE = Automatic;
				DEVELOPMENT_TEAM = L29J96K8C8;
				GCC_PREFIX_HEADER = "$(SRCROOT)/ble-ios/YKPrefixHeader.pch";
				INFOPLIST_FILE = "ble-ios/Info.plist";
				IPHONEOS_DEPLOYMENT_TARGET = 10.0;
				LD_RUNPATH_SEARCH_PATHS = (
					"$(inherited)",
					"@executable_path/Frameworks",
				);
				PRODUCT_BUNDLE_IDENTIFIER = "com.xioozq.bluetooth.ios.ble-ios";
				PRODUCT_NAME = "$(TARGET_NAME)";
				TARGETED_DEVICE_FAMILY = 1;
			};
			name = Release;
		};
/* End XCBuildConfiguration section */

/* Begin XCConfigurationList section */
		7559227C238D6EA600ABBEC5 /* Build configuration list for PBXProject "ble-ios" */ = {
			isa = XCConfigurationList;
			buildConfigurations = (
				75592298238D6EA700ABBEC5 /* Debug */,
				75592299238D6EA700ABBEC5 /* Release */,
			);
			defaultConfigurationIsVisible = 0;
			defaultConfigurationName = Release;
		};
		7559229A238D6EA700ABBEC5 /* Build configuration list for PBXNativeTarget "ble-ios" */ = {
			isa = XCConfigurationList;
			buildConfigurations = (
				7559229B238D6EA700ABBEC5 /* Debug */,
				7559229C238D6EA700ABBEC5 /* Release */,
			);
			defaultConfigurationIsVisible = 0;
			defaultConfigurationName = Release;
		};
/* End XCConfigurationList section */
	};
	rootObject = 75592279238D6EA600ABBEC5 /* Project object */;
}
